
Microsoft Visual Studio Solution File, Format Version 12.00
# Visual Studio Version 17
VisualStudioVersion = 17.12.35707.178
MinimumVisualStudioVersion = 10.0.40219.1
Project("{FAE04EC0-301F-11D3-BF4B-00C04F79EFBC}") = "Check_IMC", "Check_IMC.csproj", "{AF536B93-AA48-4AAE-BAFC-6C651EEEFEA8}"
EndProject
Project("{FAE04EC0-301F-11D3-BF4B-00C04F79EFBC}") = "Check_IMC.Tests", "..\Check_IMC.Tests\Check_IMC.Tests.csproj", "{72B5B3F3-6048-4E27-A625-DB27EC66358A}"
EndProject
Global
	GlobalSection(SolutionConfigurationPlatforms) = preSolution
		Debug|Any CPU = Debug|Any CPU
		Release|Any CPU = Release|Any CPU
	EndGlobalSection
	GlobalSection(ProjectConfigurationPlatforms) = postSolution
		{AF536B93-AA48-4AAE-BAFC-6C651EEEFEA8}.Debug|Any CPU.ActiveCfg = Debug|Any CPU
		{AF536B93-AA48-4AAE-BAFC-6C651EEEFEA8}.Debug|Any CPU.Build.0 = Debug|Any CPU
		{AF536B93-AA48-4AAE-BAFC-6C651EEEFEA8}.Release|Any CPU.ActiveCfg = Release|Any CPU
		{AF536B93-AA48-4AAE-BAFC-6C651EEEFEA8}.Release|Any CPU.Build.0 = Release|Any CPU
		{72B5B3F3-6048-4E27-A625-DB27EC66358A}.Debug|Any CPU.ActiveCfg = Debug|Any CPU
		{72B5B3F3-6048-4E27-A625-DB27EC66358A}.Debug|Any CPU.Build.0 = Debug|Any CPU
		{72B5B3F3-6048-4E27-A625-DB27EC66358A}.Release|Any CPU.ActiveCfg = Release|Any CPU
		{72B5B3F3-6048-4E27-A625-DB27EC66358A}.Release|Any CPU.Build.0 = Release|Any CPU
	EndGlobalSection
	GlobalSection(SolutionProperties) = preSolution
		HideSolutionNode = FALSE
	EndGlobalSection
EndGlobal
